
Microsoft Visual Studio Solution File, Format Version 12.00
# Visual Studio 14
VisualStudioVersion = 14.0.25420.1
MinimumVisualStudioVersion = 10.0.40219.1
Project("{8BC9CEB8-8B4A-11D0-8D11-00A0C91BC942}") = "MatrixCreator", "FYP_matrix\FYP_matrix.vcxproj", "{15D87FC3-D1DA-46B9-968C-C6AB54F742CF}"
EndProject
Project("{888888A0-9F3D-457C-B088-3A5042F75D52}") = "PcComponent", "pc_component\PcComponent.pyproj", "{E16FE710-7D03-46DB-87F1-E727326DDFA1}"
EndProject
Project("{2150E333-8FDC-42A3-9474-1A3956D46DE8}") = "Solution Items", "Solution Items", "{C6A44A9B-0FB4-4A31-92DC-12B57B7CBFF3}"
	ProjectSection(SolutionItems) = preProject
		README.md = README.md
	EndProjectSection
EndProject
Global
	GlobalSection(SolutionConfigurationPlatforms) = preSolution
		Debug|Any CPU = Debug|Any CPU
		Debug|ARM = Debug|ARM
		Release|Any CPU = Release|Any CPU
		Release|ARM = Release|ARM
	EndGlobalSection
	GlobalSection(ProjectConfigurationPlatforms) = postSolution
		{15D87FC3-D1DA-46B9-968C-C6AB54F742CF}.Debug|Any CPU.ActiveCfg = Debug|ARM
		{15D87FC3-D1DA-46B9-968C-C6AB54F742CF}.Debug|ARM.ActiveCfg = Debug|ARM
		{15D87FC3-D1DA-46B9-968C-C6AB54F742CF}.Debug|ARM.Build.0 = Debug|ARM
		{15D87FC3-D1DA-46B9-968C-C6AB54F742CF}.Release|Any CPU.ActiveCfg = Release|ARM
		{15D87FC3-D1DA-46B9-968C-C6AB54F742CF}.Release|ARM.ActiveCfg = Release|ARM
		{15D87FC3-D1DA-46B9-968C-C6AB54F742CF}.Release|ARM.Build.0 = Release|ARM
		{E16FE710-7D03-46DB-87F1-E727326DDFA1}.Debug|Any CPU.ActiveCfg = Debug|Any CPU
		{E16FE710-7D03-46DB-87F1-E727326DDFA1}.Debug|ARM.ActiveCfg = Debug|Any CPU
		{E16FE710-7D03-46DB-87F1-E727326DDFA1}.Release|Any CPU.ActiveCfg = Release|Any CPU
		{E16FE710-7D03-46DB-87F1-E727326DDFA1}.Release|ARM.ActiveCfg = Release|Any CPU
	EndGlobalSection
	GlobalSection(SolutionProperties) = preSolution
		HideSolutionNode = FALSE
	EndGlobalSection
EndGlobal
